
Microsoft Visual Studio Solution File, Format Version 12.00
# Visual Studio Version 17
VisualStudioVersion = 17.9.34728.123
MinimumVisualStudioVersion = 10.0.40219.1
Project("{FAE04EC0-301F-11D3-BF4B-00C04F79EFBC}") = "QLTV", "QLTV\QLTV.csproj", "{5AE41D2E-F6FD-416E-A58F-1775BA4BC10E}"
EndProject
Global
	GlobalSection(SolutionConfigurationPlatforms) = preSolution
		Debug|Any CPU = Debug|Any CPU
		Release|Any CPU = Release|Any CPU
	EndGlobalSection
	GlobalSection(ProjectConfigurationPlatforms) = postSolution
		{5AE41D2E-F6FD-416E-A58F-1775BA4BC10E}.Debug|Any CPU.ActiveCfg = Debug|Any CPU
		{5AE41D2E-F6FD-416E-A58F-1775BA4BC10E}.Debug|Any CPU.Build.0 = Debug|Any CPU
		{5AE41D2E-F6FD-416E-A58F-1775BA4BC10E}.Release|Any CPU.ActiveCfg = Release|Any CPU
		{5AE41D2E-F6FD-416E-A58F-1775BA4BC10E}.Release|Any CPU.Build.0 = Release|Any CPU
	EndGlobalSection
	GlobalSection(SolutionProperties) = preSolution
		HideSolutionNode = FALSE
	EndGlobalSection
	GlobalSection(ExtensibilityGlobals) = postSolution
		SolutionGuid = {A95D5C6E-30B6-407F-BE13-ECBEF4CC9464}
	EndGlobalSection
EndGlobal
